
Microsoft Visual Studio Solution File, Format Version 12.00
# Visual Studio Version 16
VisualStudioVersion = 16.0.810.25
MinimumVisualStudioVersion = 10.0.40219.1
Project("{FAE04EC0-301F-11D3-BF4B-00C04F79EFBC}") = "FFmpegKit.Android", "FFmpegKit.Android\FFmpegKit.Android.csproj", "{0A5DA42A-6C62-423C-806F-22C070C8FDDF}"
EndProject
Global
	GlobalSection(SolutionConfigurationPlatforms) = preSolution
		Debug|Any CPU = Debug|Any CPU
		Release|Any CPU = Release|Any CPU
	EndGlobalSection
	GlobalSection(ProjectConfigurationPlatforms) = postSolution
		{0A5DA42A-6C62-423C-806F-22C070C8FDDF}.Debug|Any CPU.ActiveCfg = Debug|Any CPU
		{0A5DA42A-6C62-423C-806F-22C070C8FDDF}.Debug|Any CPU.Build.0 = Debug|Any CPU
		{0A5DA42A-6C62-423C-806F-22C070C8FDDF}.Release|Any CPU.ActiveCfg = Release|Any CPU
		{0A5DA42A-6C62-423C-806F-22C070C8FDDF}.Release|Any CPU.Build.0 = Release|Any CPU
	EndGlobalSection
	GlobalSection(SolutionProperties) = preSolution
		HideSolutionNode = FALSE
	EndGlobalSection
	GlobalSection(ExtensibilityGlobals) = postSolution
		SolutionGuid = {779C173E-E493-49DD-A6FC-B97C4B3A9173}
	EndGlobalSection
EndGlobal
